{
  "nodes": {
    "flake-utils": {
      "inputs": {
        "systems": "systems"
      },
      "locked": {
        "lastModified": 1731533236,
        "narHash": "sha256-l0KFg5HjrsfsO/JpG+r7fRrqm12kzFHyUHqHCVpMMbI=",
        "owner": "numtide",
        "repo": "flake-utils",
        "rev": "11707dc2f618dd54ca8739b309ec4fc024de578b",
        "type": "github"
      },
      "original": {
        "owner": "numtide",
        "repo": "flake-utils",
        "type": "github"
      }
    },
    "flake-utils_2": {
      "inputs": {
        "systems": "systems_2"
      },
      "locked": {
        "lastModified": 1731533236,
        "narHash": "sha256-l0KFg5HjrsfsO/JpG+r7fRrqm12kzFHyUHqHCVpMMbI=",
        "owner": "numtide",
        "repo": "flake-utils",
        "rev": "11707dc2f618dd54ca8739b309ec4fc024de578b",
        "type": "github"
      },
      "original": {
        "owner": "numtide",
        "repo": "flake-utils",
        "type": "github"
      }
    },
    "nixpkgs": {
      "locked": {
        "lastModified": 1748815281,
        "narHash": "sha256-twQNQ/9ELOtbXRtSloQwFoNWujA2wev428pCiT0Okg8=",
        "owner": "nixos",
        "repo": "nixpkgs",
        "rev": "f9969bf7f6a6ab7e0fadd889ddd9fa6ad8cc5288",
        "type": "github"
      },
      "original": {
        "owner": "nixos",
        "repo": "nixpkgs",
        "type": "github"
      }
    },
    "nixpkgs_2": {
      "locked": {
        "lastModified": 1748815281,
        "narHash": "sha256-twQNQ/9ELOtbXRtSloQwFoNWujA2wev428pCiT0Okg8=",
        "owner": "nixos",
        "repo": "nixpkgs",
        "rev": "f9969bf7f6a6ab7e0fadd889ddd9fa6ad8cc5288",
        "type": "github"
      },
      "original": {
        "owner": "nixos",
        "repo": "nixpkgs",
        "type": "github"
      }
    },
    "root": {
      "inputs": {
        "flake-utils": "flake-utils",
        "nixpkgs": "nixpkgs",
        "samples": "samples",
        "sema": "sema"
      }
    },
    "samples": {
      "inputs": {
        "flake-utils": "flake-utils_2",
        "nixpkgs": "nixpkgs_2"
      },
      "locked": {
        "lastModified": 1,
        "narHash": "sha256-c1+0e1Idu8YFYBjzhFaZHVj6F0w1efpuI2fYW8iKGxA=",
        "path": "./../samples",
        "type": "path"
      },
      "original": {
        "path": "./../samples",
        "type": "path"
      }
    },
    "sema": {
      "flake": false,
      "locked": {
        "lastModified": 1741601772,
        "narHash": "sha256-o5GUrtH1C1Rx9FM4XZYhjTvzT/eTv9n/W80lv6gw0jk=",
        "owner": "csvl",
        "repo": "SEMA",
        "rev": "a294df696a20ad3e3872d8c5ddd63feb842b3492",
        "type": "github"
      },
      "original": {
        "owner": "csvl",
        "repo": "SEMA",
        "type": "github"
      }
    },
    "systems": {
      "locked": {
        "lastModified": 1681028828,
        "narHash": "sha256-Vy1rq5AaRuLzOxct8nz4T6wlgyUR7zLU309k9mBC768=",
        "owner": "nix-systems",
        "repo": "default",
        "rev": "da67096a3b9bf56a91d16901293e51ba5b49a27e",
        "type": "github"
      },
      "original": {
        "owner": "nix-systems",
        "repo": "default",
        "type": "github"
      }
    },
    "systems_2": {
      "locked": {
        "lastModified": 1681028828,
        "narHash": "sha256-Vy1rq5AaRuLzOxct8nz4T6wlgyUR7zLU309k9mBC768=",
        "owner": "nix-systems",
        "repo": "default",
        "rev": "da67096a3b9bf56a91d16901293e51ba5b49a27e",
        "type": "github"
      },
      "original": {
        "owner": "nix-systems",
        "repo": "default",
        "type": "github"
      }
    }
  },
  "root": "root",
  "version": 7
}
